
Microsoft Visual Studio Solution File, Format Version 12.00
# Visual Studio Version 17
VisualStudioVersion = 17.9.34723.18
MinimumVisualStudioVersion = 10.0.40219.1
Project("{9A19103F-16F7-4668-BE54-9A1E7A4F7556}") = "Entities", "Entities\Entities.csproj", "{0B43A9E1-92BA-454E-805A-E0A65C959B0B}"
EndProject
Project("{9A19103F-16F7-4668-BE54-9A1E7A4F7556}") = "Business", "Business\Business.csproj", "{69124321-29AC-43F5-B3BB-246FEC5FC393}"
EndProject
Project("{FAE04EC0-301F-11D3-BF4B-00C04F79EFBC}") = "WorkAroundApp", "WorkAroundApp\WorkAroundApp.csproj", "{5ED6D507-F8AD-44E4-9371-665BBDAA746A}"
EndProject
Global
	GlobalSection(SolutionConfigurationPlatforms) = preSolution
		Debug|Any CPU = Debug|Any CPU
		Release|Any CPU = Release|Any CPU
	EndGlobalSection
	GlobalSection(ProjectConfigurationPlatforms) = postSolution
		{0B43A9E1-92BA-454E-805A-E0A65C959B0B}.Debug|Any CPU.ActiveCfg = Debug|Any CPU
		{0B43A9E1-92BA-454E-805A-E0A65C959B0B}.Debug|Any CPU.Build.0 = Debug|Any CPU
		{0B43A9E1-92BA-454E-805A-E0A65C959B0B}.Release|Any CPU.ActiveCfg = Release|Any CPU
		{0B43A9E1-92BA-454E-805A-E0A65C959B0B}.Release|Any CPU.Build.0 = Release|Any CPU
		{69124321-29AC-43F5-B3BB-246FEC5FC393}.Debug|Any CPU.ActiveCfg = Debug|Any CPU
		{69124321-29AC-43F5-B3BB-246FEC5FC393}.Debug|Any CPU.Build.0 = Debug|Any CPU
		{69124321-29AC-43F5-B3BB-246FEC5FC393}.Release|Any CPU.ActiveCfg = Release|Any CPU
		{69124321-29AC-43F5-B3BB-246FEC5FC393}.Release|Any CPU.Build.0 = Release|Any CPU
		{5ED6D507-F8AD-44E4-9371-665BBDAA746A}.Debug|Any CPU.ActiveCfg = Debug|Any CPU
		{5ED6D507-F8AD-44E4-9371-665BBDAA746A}.Debug|Any CPU.Build.0 = Debug|Any CPU
		{5ED6D507-F8AD-44E4-9371-665BBDAA746A}.Release|Any CPU.ActiveCfg = Release|Any CPU
		{5ED6D507-F8AD-44E4-9371-665BBDAA746A}.Release|Any CPU.Build.0 = Release|Any CPU
	EndGlobalSection
	GlobalSection(SolutionProperties) = preSolution
		HideSolutionNode = FALSE
	EndGlobalSection
	GlobalSection(ExtensibilityGlobals) = postSolution
		SolutionGuid = {214A60C3-32B0-4727-8A62-DCDCF8B36747}
	EndGlobalSection
EndGlobal
